{
  "name": "@lwmacct/251207-task-remote",
  "version": "0.6.260629",
  "lockfileVersion": 3,
  "requires": true,
  "packages": {
    "": {
      "name": "@lwmacct/251207-task-remote",
      "version": "0.6.260629",
      "license": "ISC",
      "bin": {
        "251207-task-remote": "src/index.js"
      }
    }
  }
}
